// !$*UTF8*$!
{
	archiveVersion = 1;
	classes = {
	};
	objectVersion = 77;
	objects = {

/* Begin PBXBuildFile section */
		05C6575828F448377F6E9431 /* SafetyInterruptView.swift in Sources */ = {isa = PBXBuildFile; fileRef = AD2282500FB33CF7DDB55A50 /* SafetyInterruptView.swift */; };
		09548722B33886E10E6BF29F /* ConfirmationSheet.swift in Sources */ = {isa = PBXBuildFile; fileRef = D52421DB39DDBF756EF8830E /* ConfirmationSheet.swift */; };
		0C57B47C8EC2CF34C7D150A1 /* ChatCardView.swift in Sources */ = {isa = PBXBuildFile; fileRef = 406862967C7AC3EA6EAC0A84 /* ChatCardView.swift */; };
		0E73B32C0E5E49A559D609EB /* HudOverlay.swift in Sources */ = {isa = PBXBuildFile; fileRef = B77A0AF976DC7C2D1FA0AD6E /* HudOverlay.swift */; };
		1352A3E40F9472B02AC2519D /* Raycaster.swift in Sources */ = {isa = PBXBuildFile; fileRef = F821D8435D45F390B5265215 /* Raycaster.swift */; };
		1517ECB283AFC98D5CB8045F /* ChatStoreTests.swift in Sources */ = {isa = PBXBuildFile; fileRef = AC51C6E583DE73DFBC499068 /* ChatStoreTests.swift */; };
		16A07270A93E1C9EB6D5D11C /* ForgeRealityView.swift in Sources */ = {isa = PBXBuildFile; fileRef = 30059A2CE3A522800E0BE9C1 /* ForgeRealityView.swift */; };
		17D85CDC487743C4F4343E79 /* IntrinsicsExtractor.swift in Sources */ = {isa = PBXBuildFile; fileRef = 19076821242D12F7282D856C /* IntrinsicsExtractor.swift */; };
		19B7056C16D90B81FF09B089 /* Tracker.swift in Sources */ = {isa = PBXBuildFile; fileRef = 275956CA69FD4A32EA452866 /* Tracker.swift */; };
		1A0D9507CFC97AACC05DACE7 /* SpeakerPlayer.swift in Sources */ = {isa = PBXBuildFile; fileRef = 4C3F4083E92DE9EBA61C72A9 /* SpeakerPlayer.swift */; };
		277B3BA579AC9409D954264F /* InputAction.swift in Sources */ = {isa = PBXBuildFile; fileRef = 9950E9540C1B37438DC585BC /* InputAction.swift */; };
		2A052C462CBB414508A591F0 /* FrameEncoder.swift in Sources */ = {isa = PBXBuildFile; fileRef = BB2720CE413165AA75A8FBA4 /* FrameEncoder.swift */; };
		2A80475938C9204D671F3A31 /* ProtoTests.swift in Sources */ = {isa = PBXBuildFile; fileRef = 462606ABC6D7BBF4ADDA36DA /* ProtoTests.swift */; };
		2C9E91C8EB7D8231B648E840 /* CaptureSession.swift in Sources */ = {isa = PBXBuildFile; fileRef = 03BDF74C333456D9884E8CD4 /* CaptureSession.swift */; };
		2E87A2F78D70BC5A2C51BC92 /* AgentProtoCoding.swift in Sources */ = {isa = PBXBuildFile; fileRef = 9A8FE5339CD6C6B4B2B3497E /* AgentProtoCoding.swift */; };
		3369FB1D6C54DCF251F56791 /* WireFixtureTests.swift in Sources */ = {isa = PBXBuildFile; fileRef = 1C930C636801E51987A9521B /* WireFixtureTests.swift */; };
		37A92AD4DD3591A6CE898B21 /* Assets.xcassets in Resources */ = {isa = PBXBuildFile; fileRef = 1834DBE3709F8D800FD3F876 /* Assets.xcassets */; };
		3E9A57A001B234888C20CEA3 /* TestSupport.swift in Sources */ = {isa = PBXBuildFile; fileRef = 52757170BADA3F584EA25A13 /* TestSupport.swift */; };
		3ECB3B28BCA453DEC517495D /* VoiceCommandRegistry.swift in Sources */ = {isa = PBXBuildFile; fileRef = B27BED36895579BE20336AD9 /* VoiceCommandRegistry.swift */; };
		4DD6B5FE9E3A263B5861D0FA /* DegradedStatusPanel.swift in Sources */ = {isa = PBXBuildFile; fileRef = 699E351D8EE4A811FF957335 /* DegradedStatusPanel.swift */; };
		548C44F82253C7D4DD374130 /* ARKitSession.swift in Sources */ = {isa = PBXBuildFile; fileRef = 25F5ED7A0FF8AB3239D1F958 /* ARKitSession.swift */; };
		5BB77D4E3876F07E950FD9B8 /* ForgeApp.swift in Sources */ = {isa = PBXBuildFile; fileRef = C72939ED11080B6EC29E4478 /* ForgeApp.swift */; };
		5DCDD59FA42C37A0C7039C8B /* ConfigStoreTests.swift in Sources */ = {isa = PBXBuildFile; fileRef = EDB739D12A3AE3010B382276 /* ConfigStoreTests.swift */; };
		60D3802B4FE860FF8F92F857 /* VoiceIntent.swift in Sources */ = {isa = PBXBuildFile; fileRef = BA7732700706B9C8B17E130F /* VoiceIntent.swift */; };
		62D82AC9C580C65B1FF01817 /* BackoffPolicy.swift in Sources */ = {isa = PBXBuildFile; fileRef = B82D30B428778C8A6DBDDEA2 /* BackoffPolicy.swift */; };
		9645168FCDDC538ADEE64FD7 /* Segmenter.swift in Sources */ = {isa = PBXBuildFile; fileRef = DDF35D780B7C22AB6E2A2D0D /* Segmenter.swift */; };
		977B018777237CCF2367CB94 /* ChatStore.swift in Sources */ = {isa = PBXBuildFile; fileRef = FE86CE466B1FB93AE73834F6 /* ChatStore.swift */; };
		A2C1C16D72D57B1F73849594 /* DetectionStore.swift in Sources */ = {isa = PBXBuildFile; fileRef = B84CA6D663F536D09A7BF802 /* DetectionStore.swift */; };
		A372E5A863D7D30ACAD11C60 /* ComponentLabel.swift in Sources */ = {isa = PBXBuildFile; fileRef = EC7BBBE18F45AD4EBF1AA5E9 /* ComponentLabel.swift */; };
		A42E3E90198CCC036DDDF049 /* PinchInput.swift in Sources */ = {isa = PBXBuildFile; fileRef = 67AD1E7929E4A2B8C1F8FE3D /* PinchInput.swift */; };
		A611898F26F5A8EA9E247952 /* BackoffPolicyTests.swift in Sources */ = {isa = PBXBuildFile; fileRef = 37BDDF31A345AB2A80D02923 /* BackoffPolicyTests.swift */; };
		A89DA4945667090523AA1F13 /* ComponentOutline.swift in Sources */ = {isa = PBXBuildFile; fileRef = A2CFB7B06BED47844527D4A9 /* ComponentOutline.swift */; };
		AA03ACA18852B1B871C0F7EA /* ReplayBuffer.swift in Sources */ = {isa = PBXBuildFile; fileRef = 56707BBE30C62CC626F70032 /* ReplayBuffer.swift */; };
		AB0B70A509B10B5111B07074 /* ComponentDetailCard.swift in Sources */ = {isa = PBXBuildFile; fileRef = C9B0831E3866D89996057B2F /* ComponentDetailCard.swift */; };
		AD93FA8786136A52D79DCD2F /* SettingsPanel.swift in Sources */ = {isa = PBXBuildFile; fileRef = 6D4D3222412AD574A6DEFACB /* SettingsPanel.swift */; };
		AEB9A3A261E9EB4C404508BB /* LiveSocket.swift in Sources */ = {isa = PBXBuildFile; fileRef = B28BDA8849A7F8B9A2362A08 /* LiveSocket.swift */; };
		B030B3F1164B63BF8907C0B8 /* MaskPolygonizer.swift in Sources */ = {isa = PBXBuildFile; fileRef = 0F0A9AC501D8CA04232B1BC2 /* MaskPolygonizer.swift */; };
		B0B58F826118A668FA827897 /* SnapshotClient.swift in Sources */ = {isa = PBXBuildFile; fileRef = 1221F67B4E97A58E1649FC77 /* SnapshotClient.swift */; };
		B10B3A5E1C78E0B1E1616D8E /* AgentProtoV2.swift in Sources */ = {isa = PBXBuildFile; fileRef = A93B973F99E0DC12F47C9154 /* AgentProtoV2.swift */; };
		B4E2A16F013FA548CF36BAC0 /* ToastStack.swift in Sources */ = {isa = PBXBuildFile; fileRef = 014EC9724741CC5A718B8334 /* ToastStack.swift */; };
		B7828F5E713516C283749ECC /* PanelTheme.swift in Sources */ = {isa = PBXBuildFile; fileRef = 3918F9C727410F19B767A856 /* PanelTheme.swift */; };
		B9709DB3E10394A844C58BEE /* Log.swift in Sources */ = {isa = PBXBuildFile; fileRef = 6D8F32ADEDAAC5F4C2E8A58B /* Log.swift */; };
		BC1DB449ECEFE81ECE9F6E3E /* MicCapture.swift in Sources */ = {isa = PBXBuildFile; fileRef = BF5748A4644EF614597D6208 /* MicCapture.swift */; };
		BDDF3748A01824528D987142 /* SpikeView.swift in Sources */ = {isa = PBXBuildFile; fileRef = F419946A89D678C7E42747D5 /* SpikeView.swift */; };
		C1FDF0756C6BFF14F952D807 /* ConfigStore.swift in Sources */ = {isa = PBXBuildFile; fileRef = 19292F223206D2E4AC0B6C4F /* ConfigStore.swift */; };
		C8063448569787369E492E5C /* ExpertChatPanel.swift in Sources */ = {isa = PBXBuildFile; fileRef = E929F12A985D3C56790D17AC /* ExpertChatPanel.swift */; };
		CF64EAA7CD0A5A0718C91526 /* OrchestratorSocketIntegrationTests.swift in Sources */ = {isa = PBXBuildFile; fileRef = B48BEB9CD80991A72299E8F8 /* OrchestratorSocketIntegrationTests.swift */; };
		DAD33D61021F2B467E24F03E /* AgentProto.swift in Sources */ = {isa = PBXBuildFile; fileRef = 2473C703710C1E26F8ECB0F7 /* AgentProto.swift */; };
		E0BE1861ECB1227F15F24730 /* MockOrchestrator.swift in Sources */ = {isa = PBXBuildFile; fileRef = 92B4ACF5D4D8094B4064DF98 /* MockOrchestrator.swift */; };
		E63DD8E40424CEEFF2A5EDC1 /* SessionViewModel.swift in Sources */ = {isa = PBXBuildFile; fileRef = CCA8AC72FB77C430AED6CBE9 /* SessionViewModel.swift */; };
		E6BD1B764ACD59BC53940FEF /* TapInput.swift in Sources */ = {isa = PBXBuildFile; fileRef = 38F796F20177C1217B4F8FB9 /* TapInput.swift */; };
		E897C12E4F494C26DF24919F /* OnboardingFlow.swift in Sources */ = {isa = PBXBuildFile; fileRef = 1DF82308800A960C5A8A2CFD /* OnboardingFlow.swift */; };
		E95BED80CBBA9DF68ABC505C /* SceneMeshQuery.swift in Sources */ = {isa = PBXBuildFile; fileRef = 51AD5210A6B2984B7F788B4E /* SceneMeshQuery.swift */; };
		E9C2615BA9622866494F1204 /* OrchestratorSocket.swift in Sources */ = {isa = PBXBuildFile; fileRef = E27FC69FEA175D63D404871E /* OrchestratorSocket.swift */; };
		EEF1E608162D4915D6443C26 /* AnchorRegistry.swift in Sources */ = {isa = PBXBuildFile; fileRef = E2AD1DE8E802644F9A44ADCB /* AnchorRegistry.swift */; };
		F2734551790B85192C1DBAED /* DetectionStoreTests.swift in Sources */ = {isa = PBXBuildFile; fileRef = 6952AC6643EB044E96C21E21 /* DetectionStoreTests.swift */; };
		F73D719058C12639288317AD /* wire in Resources */ = {isa = PBXBuildFile; fileRef = B68E7EF3149D2A744AE9DB0B /* wire */; };
		F828631545719FD52B576020 /* PermissionGate.swift in Sources */ = {isa = PBXBuildFile; fileRef = 5951FF2104D0632C18DF6362 /* PermissionGate.swift */; };
		F85557098E3D93524CE4A4F3 /* PoseProvider.swift in Sources */ = {isa = PBXBuildFile; fileRef = 8AE265CC4F559618EDCB5A72 /* PoseProvider.swift */; };
		F92FE8844FF8FD38B763623E /* RootView.swift in Sources */ = {isa = PBXBuildFile; fileRef = DFF494AF406676E03BF3C6D1 /* RootView.swift */; };
		FEE53B714C1F1B930E14AAF7 /* ToolResults.swift in Sources */ = {isa = PBXBuildFile; fileRef = 55C7E51BE6B83863FC32FAFC /* ToolResults.swift */; };
/* End PBXBuildFile section */

/* Begin PBXContainerItemProxy section */
		1853ED7F177D7138E479E34C /* PBXContainerItemProxy */ = {
			isa = PBXContainerItemProxy;
			containerPortal = DD0290201C0E580E7A86156E /* Project object */;
			proxyType = 1;
			remoteGlobalIDString = B86A17B415789897E93F9B10;
			remoteInfo = Forge;
		};
/* End PBXContainerItemProxy section */

/* Begin PBXFileReference section */
		014EC9724741CC5A718B8334 /* ToastStack.swift */ = {isa = PBXFileReference; lastKnownFileType = sourcecode.swift; path = ToastStack.swift; sourceTree = "<group>"; };
		03BDF74C333456D9884E8CD4 /* CaptureSession.swift */ = {isa = PBXFileReference; lastKnownFileType = sourcecode.swift; path = CaptureSession.swift; sourceTree = "<group>"; };
		083616D473CEA14CCE83E1B6 /* ForgeTests.xctest */ = {isa = PBXFileReference; includeInIndex = 0; lastKnownFileType = wrapper.cfbundle; path = ForgeTests.xctest; sourceTree = BUILT_PRODUCTS_DIR; };
		0F0A9AC501D8CA04232B1BC2 /* MaskPolygonizer.swift */ = {isa = PBXFileReference; lastKnownFileType = sourcecode.swift; path = MaskPolygonizer.swift; sourceTree = "<group>"; };
		1221F67B4E97A58E1649FC77 /* SnapshotClient.swift */ = {isa = PBXFileReference; lastKnownFileType = sourcecode.swift; path = SnapshotClient.swift; sourceTree = "<group>"; };
		1834DBE3709F8D800FD3F876 /* Assets.xcassets */ = {isa = PBXFileReference; lastKnownFileType = folder.assetcatalog; path = Assets.xcassets; sourceTree = "<group>"; };
		19076821242D12F7282D856C /* IntrinsicsExtractor.swift */ = {isa = PBXFileReference; lastKnownFileType = sourcecode.swift; path = IntrinsicsExtractor.swift; sourceTree = "<group>"; };
		19292F223206D2E4AC0B6C4F /* ConfigStore.swift */ = {isa = PBXFileReference; lastKnownFileType = sourcecode.swift; path = ConfigStore.swift; sourceTree = "<group>"; };
		1C930C636801E51987A9521B /* WireFixtureTests.swift */ = {isa = PBXFileReference; lastKnownFileType = sourcecode.swift; path = WireFixtureTests.swift; sourceTree = "<group>"; };
		1DF82308800A960C5A8A2CFD /* OnboardingFlow.swift */ = {isa = PBXFileReference; lastKnownFileType = sourcecode.swift; path = OnboardingFlow.swift; sourceTree = "<group>"; };
		2473C703710C1E26F8ECB0F7 /* AgentProto.swift */ = {isa = PBXFileReference; lastKnownFileType = sourcecode.swift; path = AgentProto.swift; sourceTree = "<group>"; };
		25F5ED7A0FF8AB3239D1F958 /* ARKitSession.swift */ = {isa = PBXFileReference; lastKnownFileType = sourcecode.swift; path = ARKitSession.swift; sourceTree = "<group>"; };
		275956CA69FD4A32EA452866 /* Tracker.swift */ = {isa = PBXFileReference; lastKnownFileType = sourcecode.swift; path = Tracker.swift; sourceTree = "<group>"; };
		30059A2CE3A522800E0BE9C1 /* ForgeRealityView.swift */ = {isa = PBXFileReference; lastKnownFileType = sourcecode.swift; path = ForgeRealityView.swift; sourceTree = "<group>"; };
		37BDDF31A345AB2A80D02923 /* BackoffPolicyTests.swift */ = {isa = PBXFileReference; lastKnownFileType = sourcecode.swift; path = BackoffPolicyTests.swift; sourceTree = "<group>"; };
		38F796F20177C1217B4F8FB9 /* TapInput.swift */ = {isa = PBXFileReference; lastKnownFileType = sourcecode.swift; path = TapInput.swift; sourceTree = "<group>"; };
		3918F9C727410F19B767A856 /* PanelTheme.swift */ = {isa = PBXFileReference; lastKnownFileType = sourcecode.swift; path = PanelTheme.swift; sourceTree = "<group>"; };
		406862967C7AC3EA6EAC0A84 /* ChatCardView.swift */ = {isa = PBXFileReference; lastKnownFileType = sourcecode.swift; path = ChatCardView.swift; sourceTree = "<group>"; };
		462606ABC6D7BBF4ADDA36DA /* ProtoTests.swift */ = {isa = PBXFileReference; lastKnownFileType = sourcecode.swift; path = ProtoTests.swift; sourceTree = "<group>"; };
		4C3F4083E92DE9EBA61C72A9 /* SpeakerPlayer.swift */ = {isa = PBXFileReference; lastKnownFileType = sourcecode.swift; path = SpeakerPlayer.swift; sourceTree = "<group>"; };
		51AD5210A6B2984B7F788B4E /* SceneMeshQuery.swift */ = {isa = PBXFileReference; lastKnownFileType = sourcecode.swift; path = SceneMeshQuery.swift; sourceTree = "<group>"; };
		52757170BADA3F584EA25A13 /* TestSupport.swift */ = {isa = PBXFileReference; lastKnownFileType = sourcecode.swift; path = TestSupport.swift; sourceTree = "<group>"; };
		55C7E51BE6B83863FC32FAFC /* ToolResults.swift */ = {isa = PBXFileReference; lastKnownFileType = sourcecode.swift; path = ToolResults.swift; sourceTree = "<group>"; };
		56707BBE30C62CC626F70032 /* ReplayBuffer.swift */ = {isa = PBXFileReference; lastKnownFileType = sourcecode.swift; path = ReplayBuffer.swift; sourceTree = "<group>"; };
		5951FF2104D0632C18DF6362 /* PermissionGate.swift */ = {isa = PBXFileReference; lastKnownFileType = sourcecode.swift; path = PermissionGate.swift; sourceTree = "<group>"; };
		5FDA55941BDB098A23EAE9CF /* Info.plist */ = {isa = PBXFileReference; lastKnownFileType = text.plist; path = Info.plist; sourceTree = "<group>"; };
		67AD1E7929E4A2B8C1F8FE3D /* PinchInput.swift */ = {isa = PBXFileReference; lastKnownFileType = sourcecode.swift; path = PinchInput.swift; sourceTree = "<group>"; };
		6952AC6643EB044E96C21E21 /* DetectionStoreTests.swift */ = {isa = PBXFileReference; lastKnownFileType = sourcecode.swift; path = DetectionStoreTests.swift; sourceTree = "<group>"; };
		699E351D8EE4A811FF957335 /* DegradedStatusPanel.swift */ = {isa = PBXFileReference; lastKnownFileType = sourcecode.swift; path = DegradedStatusPanel.swift; sourceTree = "<group>"; };
		6D4D3222412AD574A6DEFACB /* SettingsPanel.swift */ = {isa = PBXFileReference; lastKnownFileType = sourcecode.swift; path = SettingsPanel.swift; sourceTree = "<group>"; };
		6D8F32ADEDAAC5F4C2E8A58B /* Log.swift */ = {isa = PBXFileReference; lastKnownFileType = sourcecode.swift; path = Log.swift; sourceTree = "<group>"; };
		8AE265CC4F559618EDCB5A72 /* PoseProvider.swift */ = {isa = PBXFileReference; lastKnownFileType = sourcecode.swift; path = PoseProvider.swift; sourceTree = "<group>"; };
		92B4ACF5D4D8094B4064DF98 /* MockOrchestrator.swift */ = {isa = PBXFileReference; lastKnownFileType = sourcecode.swift; path = MockOrchestrator.swift; sourceTree = "<group>"; };
		9950E9540C1B37438DC585BC /* InputAction.swift */ = {isa = PBXFileReference; lastKnownFileType = sourcecode.swift; path = InputAction.swift; sourceTree = "<group>"; };
		9A8FE5339CD6C6B4B2B3497E /* AgentProtoCoding.swift */ = {isa = PBXFileReference; lastKnownFileType = sourcecode.swift; path = AgentProtoCoding.swift; sourceTree = "<group>"; };
		A2CFB7B06BED47844527D4A9 /* ComponentOutline.swift */ = {isa = PBXFileReference; lastKnownFileType = sourcecode.swift; path = ComponentOutline.swift; sourceTree = "<group>"; };
		A93B973F99E0DC12F47C9154 /* AgentProtoV2.swift */ = {isa = PBXFileReference; lastKnownFileType = sourcecode.swift; path = AgentProtoV2.swift; sourceTree = "<group>"; };
		AC51C6E583DE73DFBC499068 /* ChatStoreTests.swift */ = {isa = PBXFileReference; lastKnownFileType = sourcecode.swift; path = ChatStoreTests.swift; sourceTree = "<group>"; };
		AD2282500FB33CF7DDB55A50 /* SafetyInterruptView.swift */ = {isa = PBXFileReference; lastKnownFileType = sourcecode.swift; path = SafetyInterruptView.swift; sourceTree = "<group>"; };
		B27BED36895579BE20336AD9 /* VoiceCommandRegistry.swift */ = {isa = PBXFileReference; lastKnownFileType = sourcecode.swift; path = VoiceCommandRegistry.swift; sourceTree = "<group>"; };
		B28BDA8849A7F8B9A2362A08 /* LiveSocket.swift */ = {isa = PBXFileReference; lastKnownFileType = sourcecode.swift; path = LiveSocket.swift; sourceTree = "<group>"; };
		B48BEB9CD80991A72299E8F8 /* OrchestratorSocketIntegrationTests.swift */ = {isa = PBXFileReference; lastKnownFileType = sourcecode.swift; path = OrchestratorSocketIntegrationTests.swift; sourceTree = "<group>"; };
		B68E7EF3149D2A744AE9DB0B /* wire */ = {isa = PBXFileReference; lastKnownFileType = folder; name = wire; path = ../testdata/wire; sourceTree = SOURCE_ROOT; };
		B77A0AF976DC7C2D1FA0AD6E /* HudOverlay.swift */ = {isa = PBXFileReference; lastKnownFileType = sourcecode.swift; path = HudOverlay.swift; sourceTree = "<group>"; };
		B82D30B428778C8A6DBDDEA2 /* BackoffPolicy.swift */ = {isa = PBXFileReference; lastKnownFileType = sourcecode.swift; path = BackoffPolicy.swift; sourceTree = "<group>"; };
		B84CA6D663F536D09A7BF802 /* DetectionStore.swift */ = {isa = PBXFileReference; lastKnownFileType = sourcecode.swift; path = DetectionStore.swift; sourceTree = "<group>"; };
		BA7732700706B9C8B17E130F /* VoiceIntent.swift */ = {isa = PBXFileReference; lastKnownFileType = sourcecode.swift; path = VoiceIntent.swift; sourceTree = "<group>"; };
		BB2720CE413165AA75A8FBA4 /* FrameEncoder.swift */ = {isa = PBXFileReference; lastKnownFileType = sourcecode.swift; path = FrameEncoder.swift; sourceTree = "<group>"; };
		BF5748A4644EF614597D6208 /* MicCapture.swift */ = {isa = PBXFileReference; lastKnownFileType = sourcecode.swift; path = MicCapture.swift; sourceTree = "<group>"; };
		C72939ED11080B6EC29E4478 /* ForgeApp.swift */ = {isa = PBXFileReference; lastKnownFileType = sourcecode.swift; path = ForgeApp.swift; sourceTree = "<group>"; };
		C9B0831E3866D89996057B2F /* ComponentDetailCard.swift */ = {isa = PBXFileReference; lastKnownFileType = sourcecode.swift; path = ComponentDetailCard.swift; sourceTree = "<group>"; };
		CCA8AC72FB77C430AED6CBE9 /* SessionViewModel.swift */ = {isa = PBXFileReference; lastKnownFileType = sourcecode.swift; path = SessionViewModel.swift; sourceTree = "<group>"; };
		D52421DB39DDBF756EF8830E /* ConfirmationSheet.swift */ = {isa = PBXFileReference; lastKnownFileType = sourcecode.swift; path = ConfirmationSheet.swift; sourceTree = "<group>"; };
		DDF35D780B7C22AB6E2A2D0D /* Segmenter.swift */ = {isa = PBXFileReference; lastKnownFileType = sourcecode.swift; path = Segmenter.swift; sourceTree = "<group>"; };
		DFF494AF406676E03BF3C6D1 /* RootView.swift */ = {isa = PBXFileReference; lastKnownFileType = sourcecode.swift; path = RootView.swift; sourceTree = "<group>"; };
		E27FC69FEA175D63D404871E /* OrchestratorSocket.swift */ = {isa = PBXFileReference; lastKnownFileType = sourcecode.swift; path = OrchestratorSocket.swift; sourceTree = "<group>"; };
		E2AD1DE8E802644F9A44ADCB /* AnchorRegistry.swift */ = {isa = PBXFileReference; lastKnownFileType = sourcecode.swift; path = AnchorRegistry.swift; sourceTree = "<group>"; };
		E929F12A985D3C56790D17AC /* ExpertChatPanel.swift */ = {isa = PBXFileReference; lastKnownFileType = sourcecode.swift; path = ExpertChatPanel.swift; sourceTree = "<group>"; };
		EAD57FE43439B2C292022C07 /* Forge.app */ = {isa = PBXFileReference; includeInIndex = 0; lastKnownFileType = wrapper.application; path = Forge.app; sourceTree = BUILT_PRODUCTS_DIR; };
		EC7BBBE18F45AD4EBF1AA5E9 /* ComponentLabel.swift */ = {isa = PBXFileReference; lastKnownFileType = sourcecode.swift; path = ComponentLabel.swift; sourceTree = "<group>"; };
		EDB739D12A3AE3010B382276 /* ConfigStoreTests.swift */ = {isa = PBXFileReference; lastKnownFileType = sourcecode.swift; path = ConfigStoreTests.swift; sourceTree = "<group>"; };
		F419946A89D678C7E42747D5 /* SpikeView.swift */ = {isa = PBXFileReference; lastKnownFileType = sourcecode.swift; path = SpikeView.swift; sourceTree = "<group>"; };
		F821D8435D45F390B5265215 /* Raycaster.swift */ = {isa = PBXFileReference; lastKnownFileType = sourcecode.swift; path = Raycaster.swift; sourceTree = "<group>"; };
		FE86CE466B1FB93AE73834F6 /* ChatStore.swift */ = {isa = PBXFileReference; lastKnownFileType = sourcecode.swift; path = ChatStore.swift; sourceTree = "<group>"; };
/* End PBXFileReference section */

/* Begin PBXGroup section */
		1A80D6A318A6DE96480B80EC /* Proto */ = {
			isa = PBXGroup;
			children = (
				2473C703710C1E26F8ECB0F7 /* AgentProto.swift */,
				9A8FE5339CD6C6B4B2B3497E /* AgentProtoCoding.swift */,
				A93B973F99E0DC12F47C9154 /* AgentProtoV2.swift */,
				55C7E51BE6B83863FC32FAFC /* ToolResults.swift */,
			);
			path = Proto;
			sourceTree = "<group>";
		};
		38EC5AD00C836EB87882ACBA /* Audio */ = {
			isa = PBXGroup;
			children = (
				BF5748A4644EF614597D6208 /* MicCapture.swift */,
				4C3F4083E92DE9EBA61C72A9 /* SpeakerPlayer.swift */,
				BA7732700706B9C8B17E130F /* VoiceIntent.swift */,
			);
			path = Audio;
			sourceTree = "<group>";
		};
		3C2E562B1EA2313F77029B66 /* agent-a151d15dfdb997b7b */ = {
			isa = PBXGroup;
			children = (
				B75D73086FBA5EDC8A83F97E /* testdata */,
			);
			name = "agent-a151d15dfdb997b7b";
			path = ..;
			sourceTree = "<group>";
		};
		45564352D17DEC5AA90D689D /* Vision */ = {
			isa = PBXGroup;
			children = (
				0F0A9AC501D8CA04232B1BC2 /* MaskPolygonizer.swift */,
				DDF35D780B7C22AB6E2A2D0D /* Segmenter.swift */,
				275956CA69FD4A32EA452866 /* Tracker.swift */,
			);
			path = Vision;
			sourceTree = "<group>";
		};
		47E812B8211C70A0CAF047B6 /* Spatial */ = {
			isa = PBXGroup;
			children = (
				E2AD1DE8E802644F9A44ADCB /* AnchorRegistry.swift */,
				8AE265CC4F559618EDCB5A72 /* PoseProvider.swift */,
				F821D8435D45F390B5265215 /* Raycaster.swift */,
				51AD5210A6B2984B7F788B4E /* SceneMeshQuery.swift */,
			);
			path = Spatial;
			sourceTree = "<group>";
		};
		4D92E0C67E2F7B85FC426E2E /* Products */ = {
			isa = PBXGroup;
			children = (
				EAD57FE43439B2C292022C07 /* Forge.app */,
				083616D473CEA14CCE83E1B6 /* ForgeTests.xctest */,
			);
			name = Products;
			sourceTree = "<group>";
		};
		51A871D3F186077B8DEEC413 /* Camera */ = {
			isa = PBXGroup;
			children = (
				25F5ED7A0FF8AB3239D1F958 /* ARKitSession.swift */,
				03BDF74C333456D9884E8CD4 /* CaptureSession.swift */,
				BB2720CE413165AA75A8FBA4 /* FrameEncoder.swift */,
				19076821242D12F7282D856C /* IntrinsicsExtractor.swift */,
			);
			path = Camera;
			sourceTree = "<group>";
		};
		56B9079A02C8AFF1C073CC71 /* Dev */ = {
			isa = PBXGroup;
			children = (
				F419946A89D678C7E42747D5 /* SpikeView.swift */,
			);
			path = Dev;
			sourceTree = "<group>";
		};
		5DCF51239E4D414F8A138D1C /* State */ = {
			isa = PBXGroup;
			children = (
				FE86CE466B1FB93AE73834F6 /* ChatStore.swift */,
				19292F223206D2E4AC0B6C4F /* ConfigStore.swift */,
				B84CA6D663F536D09A7BF802 /* DetectionStore.swift */,
				56707BBE30C62CC626F70032 /* ReplayBuffer.swift */,
				CCA8AC72FB77C430AED6CBE9 /* SessionViewModel.swift */,
			);
			path = State;
			sourceTree = "<group>";
		};
		733ED297F95B5A42F801C87F /* Net */ = {
			isa = PBXGroup;
			children = (
				B82D30B428778C8A6DBDDEA2 /* BackoffPolicy.swift */,
				B28BDA8849A7F8B9A2362A08 /* LiveSocket.swift */,
				E27FC69FEA175D63D404871E /* OrchestratorSocket.swift */,
				1221F67B4E97A58E1649FC77 /* SnapshotClient.swift */,
			);
			path = Net;
			sourceTree = "<group>";
		};
		7C20B3567016C9524020151D /* Support */ = {
			isa = PBXGroup;
			children = (
				92B4ACF5D4D8094B4064DF98 /* MockOrchestrator.swift */,
			);
			path = Support;
			sourceTree = "<group>";
		};
		7DC41B9BFB4E65E0558B1F35 /* Scene */ = {
			isa = PBXGroup;
			children = (
				406862967C7AC3EA6EAC0A84 /* ChatCardView.swift */,
				C9B0831E3866D89996057B2F /* ComponentDetailCard.swift */,
				EC7BBBE18F45AD4EBF1AA5E9 /* ComponentLabel.swift */,
				A2CFB7B06BED47844527D4A9 /* ComponentOutline.swift */,
				D52421DB39DDBF756EF8830E /* ConfirmationSheet.swift */,
				699E351D8EE4A811FF957335 /* DegradedStatusPanel.swift */,
				E929F12A985D3C56790D17AC /* ExpertChatPanel.swift */,
				30059A2CE3A522800E0BE9C1 /* ForgeRealityView.swift */,
				B77A0AF976DC7C2D1FA0AD6E /* HudOverlay.swift */,
				1DF82308800A960C5A8A2CFD /* OnboardingFlow.swift */,
				3918F9C727410F19B767A856 /* PanelTheme.swift */,
				AD2282500FB33CF7DDB55A50 /* SafetyInterruptView.swift */,
				6D4D3222412AD574A6DEFACB /* SettingsPanel.swift */,
				014EC9724741CC5A718B8334 /* ToastStack.swift */,
			);
			path = Scene;
			sourceTree = "<group>";
		};
		A8EDD928972BE9F7AD6E8768 /* ForgeTests */ = {
			isa = PBXGroup;
			children = (
				37BDDF31A345AB2A80D02923 /* BackoffPolicyTests.swift */,
				AC51C6E583DE73DFBC499068 /* ChatStoreTests.swift */,
				EDB739D12A3AE3010B382276 /* ConfigStoreTests.swift */,
				6952AC6643EB044E96C21E21 /* DetectionStoreTests.swift */,
				B48BEB9CD80991A72299E8F8 /* OrchestratorSocketIntegrationTests.swift */,
				462606ABC6D7BBF4ADDA36DA /* ProtoTests.swift */,
				52757170BADA3F584EA25A13 /* TestSupport.swift */,
				1C930C636801E51987A9521B /* WireFixtureTests.swift */,
				7C20B3567016C9524020151D /* Support */,
			);
			path = ForgeTests;
			sourceTree = "<group>";
		};
		B75D73086FBA5EDC8A83F97E /* testdata */ = {
			isa = PBXGroup;
			children = (
				B68E7EF3149D2A744AE9DB0B /* wire */,
			);
			path = testdata;
			sourceTree = "<group>";
		};
		C433A466F9B6D97DDEAA7E16 /* Input */ = {
			isa = PBXGroup;
			children = (
				9950E9540C1B37438DC585BC /* InputAction.swift */,
				67AD1E7929E4A2B8C1F8FE3D /* PinchInput.swift */,
				38F796F20177C1217B4F8FB9 /* TapInput.swift */,
				B27BED36895579BE20336AD9 /* VoiceCommandRegistry.swift */,
			);
			path = Input;
			sourceTree = "<group>";
		};
		DD5E2466335F3E5F02761415 /* Forge */ = {
			isa = PBXGroup;
			children = (
				1834DBE3709F8D800FD3F876 /* Assets.xcassets */,
				C72939ED11080B6EC29E4478 /* ForgeApp.swift */,
				5FDA55941BDB098A23EAE9CF /* Info.plist */,
				F58E162190EDFBD34CC2D4B6 /* App */,
				38EC5AD00C836EB87882ACBA /* Audio */,
				51A871D3F186077B8DEEC413 /* Camera */,
				56B9079A02C8AFF1C073CC71 /* Dev */,
				C433A466F9B6D97DDEAA7E16 /* Input */,
				733ED297F95B5A42F801C87F /* Net */,
				1A80D6A318A6DE96480B80EC /* Proto */,
				7DC41B9BFB4E65E0558B1F35 /* Scene */,
				47E812B8211C70A0CAF047B6 /* Spatial */,
				5DCF51239E4D414F8A138D1C /* State */,
				45564352D17DEC5AA90D689D /* Vision */,
			);
			path = Forge;
			sourceTree = "<group>";
		};
		EFCB33EBE3812EE38333409F = {
			isa = PBXGroup;
			children = (
				3C2E562B1EA2313F77029B66 /* agent-a151d15dfdb997b7b */,
				DD5E2466335F3E5F02761415 /* Forge */,
				A8EDD928972BE9F7AD6E8768 /* ForgeTests */,
				4D92E0C67E2F7B85FC426E2E /* Products */,
			);
			sourceTree = "<group>";
		};
		F58E162190EDFBD34CC2D4B6 /* App */ = {
			isa = PBXGroup;
			children = (
				6D8F32ADEDAAC5F4C2E8A58B /* Log.swift */,
				5951FF2104D0632C18DF6362 /* PermissionGate.swift */,
				DFF494AF406676E03BF3C6D1 /* RootView.swift */,
			);
			path = App;
			sourceTree = "<group>";
		};
/* End PBXGroup section */

/* Begin PBXNativeTarget section */
		B86A17B415789897E93F9B10 /* Forge */ = {
			isa = PBXNativeTarget;
			buildConfigurationList = 14C3B2F58A3E154141422499 /* Build configuration list for PBXNativeTarget "Forge" */;
			buildPhases = (
				54A6215C61489CB2E4C48797 /* Sources */,
				A16CEC7F4CECFBE8099E0D0C /* Resources */,
			);
			buildRules = (
			);
			dependencies = (
			);
			name = Forge;
			packageProductDependencies = (
			);
			productName = Forge;
			productReference = EAD57FE43439B2C292022C07 /* Forge.app */;
			productType = "com.apple.product-type.application";
		};
		E67681C8A3FB60D1A136A1E4 /* ForgeTests */ = {
			isa = PBXNativeTarget;
			buildConfigurationList = FEAA56CCDEB51C2BA172EB8E /* Build configuration list for PBXNativeTarget "ForgeTests" */;
			buildPhases = (
				0F3390C797B685858251930A /* Sources */,
				E4358197F61FBF3C1AEB3D37 /* Resources */,
			);
			buildRules = (
			);
			dependencies = (
				EEE0D85C94E4F1E6D58FDEBB /* PBXTargetDependency */,
			);
			name = ForgeTests;
			packageProductDependencies = (
			);
			productName = ForgeTests;
			productReference = 083616D473CEA14CCE83E1B6 /* ForgeTests.xctest */;
			productType = "com.apple.product-type.bundle.unit-test";
		};
/* End PBXNativeTarget section */

/* Begin PBXProject section */
		DD0290201C0E580E7A86156E /* Project object */ = {
			isa = PBXProject;
			attributes = {
				BuildIndependentTargetsInParallel = YES;
				LastUpgradeCheck = 1430;
				TargetAttributes = {
					B86A17B415789897E93F9B10 = {
						DevelopmentTeam = "";
						ProvisioningStyle = Automatic;
					};
					E67681C8A3FB60D1A136A1E4 = {
						DevelopmentTeam = "";
						ProvisioningStyle = Automatic;
					};
				};
			};
			buildConfigurationList = 6CD494A99F804B5C2D6C9DD2 /* Build configuration list for PBXProject "Forge" */;
			developmentRegion = en;
			hasScannedForEncodings = 0;
			knownRegions = (
				Base,
				en,
			);
			mainGroup = EFCB33EBE3812EE38333409F;
			minimizedProjectReferenceProxies = 1;
			preferredProjectObjectVersion = 77;
			productRefGroup = 4D92E0C67E2F7B85FC426E2E /* Products */;
			projectDirPath = "";
			projectRoot = "";
			targets = (
				B86A17B415789897E93F9B10 /* Forge */,
				E67681C8A3FB60D1A136A1E4 /* ForgeTests */,
			);
		};
/* End PBXProject section */

/* Begin PBXResourcesBuildPhase section */
		A16CEC7F4CECFBE8099E0D0C /* Resources */ = {
			isa = PBXResourcesBuildPhase;
			buildActionMask = 2147483647;
			files = (
				37A92AD4DD3591A6CE898B21 /* Assets.xcassets in Resources */,
			);
			runOnlyForDeploymentPostprocessing = 0;
		};
		E4358197F61FBF3C1AEB3D37 /* Resources */ = {
			isa = PBXResourcesBuildPhase;
			buildActionMask = 2147483647;
			files = (
				F73D719058C12639288317AD /* wire in Resources */,
			);
			runOnlyForDeploymentPostprocessing = 0;
		};
/* End PBXResourcesBuildPhase section */

/* Begin PBXSourcesBuildPhase section */
		0F3390C797B685858251930A /* Sources */ = {
			isa = PBXSourcesBuildPhase;
			buildActionMask = 2147483647;
			files = (
				A611898F26F5A8EA9E247952 /* BackoffPolicyTests.swift in Sources */,
				1517ECB283AFC98D5CB8045F /* ChatStoreTests.swift in Sources */,
				5DCDD59FA42C37A0C7039C8B /* ConfigStoreTests.swift in Sources */,
				F2734551790B85192C1DBAED /* DetectionStoreTests.swift in Sources */,
				E0BE1861ECB1227F15F24730 /* MockOrchestrator.swift in Sources */,
				CF64EAA7CD0A5A0718C91526 /* OrchestratorSocketIntegrationTests.swift in Sources */,
				2A80475938C9204D671F3A31 /* ProtoTests.swift in Sources */,
				3E9A57A001B234888C20CEA3 /* TestSupport.swift in Sources */,
				3369FB1D6C54DCF251F56791 /* WireFixtureTests.swift in Sources */,
			);
			runOnlyForDeploymentPostprocessing = 0;
		};
		54A6215C61489CB2E4C48797 /* Sources */ = {
			isa = PBXSourcesBuildPhase;
			buildActionMask = 2147483647;
			files = (
				548C44F82253C7D4DD374130 /* ARKitSession.swift in Sources */,
				DAD33D61021F2B467E24F03E /* AgentProto.swift in Sources */,
				2E87A2F78D70BC5A2C51BC92 /* AgentProtoCoding.swift in Sources */,
				B10B3A5E1C78E0B1E1616D8E /* AgentProtoV2.swift in Sources */,
				EEF1E608162D4915D6443C26 /* AnchorRegistry.swift in Sources */,
				62D82AC9C580C65B1FF01817 /* BackoffPolicy.swift in Sources */,
				2C9E91C8EB7D8231B648E840 /* CaptureSession.swift in Sources */,
				0C57B47C8EC2CF34C7D150A1 /* ChatCardView.swift in Sources */,
				977B018777237CCF2367CB94 /* ChatStore.swift in Sources */,
				AB0B70A509B10B5111B07074 /* ComponentDetailCard.swift in Sources */,
				A372E5A863D7D30ACAD11C60 /* ComponentLabel.swift in Sources */,
				A89DA4945667090523AA1F13 /* ComponentOutline.swift in Sources */,
				C1FDF0756C6BFF14F952D807 /* ConfigStore.swift in Sources */,
				09548722B33886E10E6BF29F /* ConfirmationSheet.swift in Sources */,
				4DD6B5FE9E3A263B5861D0FA /* DegradedStatusPanel.swift in Sources */,
				A2C1C16D72D57B1F73849594 /* DetectionStore.swift in Sources */,
				C8063448569787369E492E5C /* ExpertChatPanel.swift in Sources */,
				5BB77D4E3876F07E950FD9B8 /* ForgeApp.swift in Sources */,
				16A07270A93E1C9EB6D5D11C /* ForgeRealityView.swift in Sources */,
				2A052C462CBB414508A591F0 /* FrameEncoder.swift in Sources */,
				0E73B32C0E5E49A559D609EB /* HudOverlay.swift in Sources */,
				277B3BA579AC9409D954264F /* InputAction.swift in Sources */,
				17D85CDC487743C4F4343E79 /* IntrinsicsExtractor.swift in Sources */,
				AEB9A3A261E9EB4C404508BB /* LiveSocket.swift in Sources */,
				B9709DB3E10394A844C58BEE /* Log.swift in Sources */,
				B030B3F1164B63BF8907C0B8 /* MaskPolygonizer.swift in Sources */,
				BC1DB449ECEFE81ECE9F6E3E /* MicCapture.swift in Sources */,
				E897C12E4F494C26DF24919F /* OnboardingFlow.swift in Sources */,
				E9C2615BA9622866494F1204 /* OrchestratorSocket.swift in Sources */,
				B7828F5E713516C283749ECC /* PanelTheme.swift in Sources */,
				F828631545719FD52B576020 /* PermissionGate.swift in Sources */,
				A42E3E90198CCC036DDDF049 /* PinchInput.swift in Sources */,
				F85557098E3D93524CE4A4F3 /* PoseProvider.swift in Sources */,
				1352A3E40F9472B02AC2519D /* Raycaster.swift in Sources */,
				AA03ACA18852B1B871C0F7EA /* ReplayBuffer.swift in Sources */,
				F92FE8844FF8FD38B763623E /* RootView.swift in Sources */,
				05C6575828F448377F6E9431 /* SafetyInterruptView.swift in Sources */,
				E95BED80CBBA9DF68ABC505C /* SceneMeshQuery.swift in Sources */,
				9645168FCDDC538ADEE64FD7 /* Segmenter.swift in Sources */,
				E63DD8E40424CEEFF2A5EDC1 /* SessionViewModel.swift in Sources */,
				AD93FA8786136A52D79DCD2F /* SettingsPanel.swift in Sources */,
				B0B58F826118A668FA827897 /* SnapshotClient.swift in Sources */,
				1A0D9507CFC97AACC05DACE7 /* SpeakerPlayer.swift in Sources */,
				BDDF3748A01824528D987142 /* SpikeView.swift in Sources */,
				E6BD1B764ACD59BC53940FEF /* TapInput.swift in Sources */,
				B4E2A16F013FA548CF36BAC0 /* ToastStack.swift in Sources */,
				FEE53B714C1F1B930E14AAF7 /* ToolResults.swift in Sources */,
				19B7056C16D90B81FF09B089 /* Tracker.swift in Sources */,
				3ECB3B28BCA453DEC517495D /* VoiceCommandRegistry.swift in Sources */,
				60D3802B4FE860FF8F92F857 /* VoiceIntent.swift in Sources */,
			);
			runOnlyForDeploymentPostprocessing = 0;
		};
/* End PBXSourcesBuildPhase section */

/* Begin PBXTargetDependency section */
		EEE0D85C94E4F1E6D58FDEBB /* PBXTargetDependency */ = {
			isa = PBXTargetDependency;
			target = B86A17B415789897E93F9B10 /* Forge */;
			targetProxy = 1853ED7F177D7138E479E34C /* PBXContainerItemProxy */;
		};
/* End PBXTargetDependency section */

/* Begin XCBuildConfiguration section */
		442FDACF09C5FC0D7B846F4F /* Debug */ = {
			isa = XCBuildConfiguration;
			buildSettings = {
				ASSETCATALOG_COMPILER_APPICON_NAME = AppIcon;
				ASSETCATALOG_COMPILER_GLOBAL_ACCENT_COLOR_NAME = AccentColor;
				CODE_SIGN_IDENTITY = "iPhone Developer";
				CURRENT_PROJECT_VERSION = 1;
				ENABLE_PREVIEWS = YES;
				GENERATE_INFOPLIST_FILE = NO;
				INFOPLIST_FILE = Forge/Info.plist;
				IPHONEOS_DEPLOYMENT_TARGET = 17.0;
				LD_RUNPATH_SEARCH_PATHS = (
					"$(inherited)",
					"@executable_path/Frameworks",
				);
				MARKETING_VERSION = 1.0;
				PRODUCT_BUNDLE_IDENTIFIER = ai.forge.ios;
				PRODUCT_NAME = Forge;
				SDKROOT = iphoneos;
				TARGETED_DEVICE_FAMILY = "1,2";
			};
			name = Debug;
		};
		6161F1C8570A23B93DE3C5C6 /* Release */ = {
			isa = XCBuildConfiguration;
			buildSettings = {
				BUNDLE_LOADER = "$(TEST_HOST)";
				GENERATE_INFOPLIST_FILE = YES;
				IPHONEOS_DEPLOYMENT_TARGET = 17.0;
				LD_RUNPATH_SEARCH_PATHS = (
					"$(inherited)",
					"@executable_path/Frameworks",
					"@loader_path/Frameworks",
				);
				PRODUCT_BUNDLE_IDENTIFIER = ai.forge.ios.tests;
				SDKROOT = iphoneos;
				TARGETED_DEVICE_FAMILY = "1,2";
				TEST_HOST = "$(BUILT_PRODUCTS_DIR)/Forge.app/Forge";
			};
			name = Release;
		};
		ADFDCA4C5D72A86C4098208A /* Debug */ = {
			isa = XCBuildConfiguration;
			buildSettings = {
				BUNDLE_LOADER = "$(TEST_HOST)";
				GENERATE_INFOPLIST_FILE = YES;
				IPHONEOS_DEPLOYMENT_TARGET = 17.0;
				LD_RUNPATH_SEARCH_PATHS = (
					"$(inherited)",
					"@executable_path/Frameworks",
					"@loader_path/Frameworks",
				);
				PRODUCT_BUNDLE_IDENTIFIER = ai.forge.ios.tests;
				SDKROOT = iphoneos;
				TARGETED_DEVICE_FAMILY = "1,2";
				TEST_HOST = "$(BUILT_PRODUCTS_DIR)/Forge.app/Forge";
			};
			name = Debug;
		};
		AF7B7C6608444234562BD549 /* Release */ = {
			isa = XCBuildConfiguration;
			buildSettings = {
				ALWAYS_SEARCH_USER_PATHS = NO;
				CLANG_ANALYZER_NONNULL = YES;
				CLANG_ANALYZER_NUMBER_OBJECT_CONVERSION = YES_AGGRESSIVE;
				CLANG_CXX_LANGUAGE_STANDARD = "gnu++14";
				CLANG_CXX_LIBRARY = "libc++";
				CLANG_ENABLE_MODULES = YES;
				CLANG_ENABLE_OBJC_ARC = YES;
				CLANG_ENABLE_OBJC_WEAK = YES;
				CLANG_WARN_BLOCK_CAPTURE_AUTORELEASING = YES;
				CLANG_WARN_BOOL_CONVERSION = YES;
				CLANG_WARN_COMMA = YES;
				CLANG_WARN_CONSTANT_CONVERSION = YES;
				CLANG_WARN_DEPRECATED_OBJC_IMPLEMENTATIONS = YES;
				CLANG_WARN_DIRECT_OBJC_ISA_USAGE = YES_ERROR;
				CLANG_WARN_DOCUMENTATION_COMMENTS = YES;
				CLANG_WARN_EMPTY_BODY = YES;
				CLANG_WARN_ENUM_CONVERSION = YES;
				CLANG_WARN_INFINITE_RECURSION = YES;
				CLANG_WARN_INT_CONVERSION = YES;
				CLANG_WARN_NON_LITERAL_NULL_CONVERSION = YES;
				CLANG_WARN_OBJC_IMPLICIT_RETAIN_SELF = YES;
				CLANG_WARN_OBJC_LITERAL_CONVERSION = YES;
				CLANG_WARN_OBJC_ROOT_CLASS = YES_ERROR;
				CLANG_WARN_QUOTED_INCLUDE_IN_FRAMEWORK_HEADER = YES;
				CLANG_WARN_RANGE_LOOP_ANALYSIS = YES;
				CLANG_WARN_STRICT_PROTOTYPES = YES;
				CLANG_WARN_SUSPICIOUS_MOVE = YES;
				CLANG_WARN_UNGUARDED_AVAILABILITY = YES_AGGRESSIVE;
				CLANG_WARN_UNREACHABLE_CODE = YES;
				CLANG_WARN__DUPLICATE_METHOD_MATCH = YES;
				CODE_SIGNING_ALLOWED = NO;
				CODE_SIGNING_REQUIRED = NO;
				CODE_SIGN_STYLE = Automatic;
				COPY_PHASE_STRIP = NO;
				DEBUG_INFORMATION_FORMAT = "dwarf-with-dsym";
				DEVELOPMENT_TEAM = "";
				ENABLE_NS_ASSERTIONS = NO;
				ENABLE_STRICT_OBJC_MSGSEND = YES;
				GCC_C_LANGUAGE_STANDARD = gnu11;
				GCC_NO_COMMON_BLOCKS = YES;
				GCC_WARN_64_TO_32_BIT_CONVERSION = YES;
				GCC_WARN_ABOUT_RETURN_TYPE = YES_ERROR;
				GCC_WARN_UNDECLARED_SELECTOR = YES;
				GCC_WARN_UNINITIALIZED_AUTOS = YES_AGGRESSIVE;
				GCC_WARN_UNUSED_FUNCTION = YES;
				GCC_WARN_UNUSED_VARIABLE = YES;
				IPHONEOS_DEPLOYMENT_TARGET = 17.0;
				MTL_ENABLE_DEBUG_INFO = NO;
				MTL_FAST_MATH = YES;
				PRODUCT_NAME = "$(TARGET_NAME)";
				SDKROOT = iphoneos;
				SWIFT_COMPILATION_MODE = wholemodule;
				SWIFT_OPTIMIZATION_LEVEL = "-O";
				SWIFT_STRICT_CONCURRENCY = minimal;
				SWIFT_VERSION = 5.0;
			};
			name = Release;
		};
		CA5431A0961D90652011889D /* Release */ = {
			isa = XCBuildConfiguration;
			buildSettings = {
				ASSETCATALOG_COMPILER_APPICON_NAME = AppIcon;
				ASSETCATALOG_COMPILER_GLOBAL_ACCENT_COLOR_NAME = AccentColor;
				CODE_SIGN_IDENTITY = "iPhone Developer";
				CURRENT_PROJECT_VERSION = 1;
				ENABLE_PREVIEWS = YES;
				GENERATE_INFOPLIST_FILE = NO;
				INFOPLIST_FILE = Forge/Info.plist;
				IPHONEOS_DEPLOYMENT_TARGET = 17.0;
				LD_RUNPATH_SEARCH_PATHS = (
					"$(inherited)",
					"@executable_path/Frameworks",
				);
				MARKETING_VERSION = 1.0;
				PRODUCT_BUNDLE_IDENTIFIER = ai.forge.ios;
				PRODUCT_NAME = Forge;
				SDKROOT = iphoneos;
				TARGETED_DEVICE_FAMILY = "1,2";
			};
			name = Release;
		};
		DCC2F712BBF791A5AA4F603C /* Debug */ = {
			isa = XCBuildConfiguration;
			buildSettings = {
				ALWAYS_SEARCH_USER_PATHS = NO;
				CLANG_ANALYZER_NONNULL = YES;
				CLANG_ANALYZER_NUMBER_OBJECT_CONVERSION = YES_AGGRESSIVE;
				CLANG_CXX_LANGUAGE_STANDARD = "gnu++14";
				CLANG_CXX_LIBRARY = "libc++";
				CLANG_ENABLE_MODULES = YES;
				CLANG_ENABLE_OBJC_ARC = YES;
				CLANG_ENABLE_OBJC_WEAK = YES;
				CLANG_WARN_BLOCK_CAPTURE_AUTORELEASING = YES;
				CLANG_WARN_BOOL_CONVERSION = YES;
				CLANG_WARN_COMMA = YES;
				CLANG_WARN_CONSTANT_CONVERSION = YES;
				CLANG_WARN_DEPRECATED_OBJC_IMPLEMENTATIONS = YES;
				CLANG_WARN_DIRECT_OBJC_ISA_USAGE = YES_ERROR;
				CLANG_WARN_DOCUMENTATION_COMMENTS = YES;
				CLANG_WARN_EMPTY_BODY = YES;
				CLANG_WARN_ENUM_CONVERSION = YES;
				CLANG_WARN_INFINITE_RECURSION = YES;
				CLANG_WARN_INT_CONVERSION = YES;
				CLANG_WARN_NON_LITERAL_NULL_CONVERSION = YES;
				CLANG_WARN_OBJC_IMPLICIT_RETAIN_SELF = YES;
				CLANG_WARN_OBJC_LITERAL_CONVERSION = YES;
				CLANG_WARN_OBJC_ROOT_CLASS = YES_ERROR;
				CLANG_WARN_QUOTED_INCLUDE_IN_FRAMEWORK_HEADER = YES;
				CLANG_WARN_RANGE_LOOP_ANALYSIS = YES;
				CLANG_WARN_STRICT_PROTOTYPES = YES;
				CLANG_WARN_SUSPICIOUS_MOVE = YES;
				CLANG_WARN_UNGUARDED_AVAILABILITY = YES_AGGRESSIVE;
				CLANG_WARN_UNREACHABLE_CODE = YES;
				CLANG_WARN__DUPLICATE_METHOD_MATCH = YES;
				CODE_SIGNING_ALLOWED = NO;
				CODE_SIGNING_REQUIRED = NO;
				CODE_SIGN_STYLE = Automatic;
				COPY_PHASE_STRIP = NO;
				DEBUG_INFORMATION_FORMAT = dwarf;
				DEVELOPMENT_TEAM = "";
				ENABLE_STRICT_OBJC_MSGSEND = YES;
				ENABLE_TESTABILITY = YES;
				GCC_C_LANGUAGE_STANDARD = gnu11;
				GCC_DYNAMIC_NO_PIC = NO;
				GCC_NO_COMMON_BLOCKS = YES;
				GCC_OPTIMIZATION_LEVEL = 0;
				GCC_PREPROCESSOR_DEFINITIONS = (
					"$(inherited)",
					"DEBUG=1",
				);
				GCC_WARN_64_TO_32_BIT_CONVERSION = YES;
				GCC_WARN_ABOUT_RETURN_TYPE = YES_ERROR;
				GCC_WARN_UNDECLARED_SELECTOR = YES;
				GCC_WARN_UNINITIALIZED_AUTOS = YES_AGGRESSIVE;
				GCC_WARN_UNUSED_FUNCTION = YES;
				GCC_WARN_UNUSED_VARIABLE = YES;
				IPHONEOS_DEPLOYMENT_TARGET = 17.0;
				MTL_ENABLE_DEBUG_INFO = INCLUDE_SOURCE;
				MTL_FAST_MATH = YES;
				ONLY_ACTIVE_ARCH = YES;
				PRODUCT_NAME = "$(TARGET_NAME)";
				SDKROOT = iphoneos;
				SWIFT_ACTIVE_COMPILATION_CONDITIONS = DEBUG;
				SWIFT_OPTIMIZATION_LEVEL = "-Onone";
				SWIFT_STRICT_CONCURRENCY = minimal;
				SWIFT_VERSION = 5.0;
			};
			name = Debug;
		};
/* End XCBuildConfiguration section */

/* Begin XCConfigurationList section */
		14C3B2F58A3E154141422499 /* Build configuration list for PBXNativeTarget "Forge" */ = {
			isa = XCConfigurationList;
			buildConfigurations = (
				442FDACF09C5FC0D7B846F4F /* Debug */,
				CA5431A0961D90652011889D /* Release */,
			);
			defaultConfigurationIsVisible = 0;
			defaultConfigurationName = Debug;
		};
		6CD494A99F804B5C2D6C9DD2 /* Build configuration list for PBXProject "Forge" */ = {
			isa = XCConfigurationList;
			buildConfigurations = (
				DCC2F712BBF791A5AA4F603C /* Debug */,
				AF7B7C6608444234562BD549 /* Release */,
			);
			defaultConfigurationIsVisible = 0;
			defaultConfigurationName = Debug;
		};
		FEAA56CCDEB51C2BA172EB8E /* Build configuration list for PBXNativeTarget "ForgeTests" */ = {
			isa = XCConfigurationList;
			buildConfigurations = (
				ADFDCA4C5D72A86C4098208A /* Debug */,
				6161F1C8570A23B93DE3C5C6 /* Release */,
			);
			defaultConfigurationIsVisible = 0;
			defaultConfigurationName = Debug;
		};
/* End XCConfigurationList section */
	};
	rootObject = DD0290201C0E580E7A86156E /* Project object */;
}
